
Microsoft Visual Studio Solution File, Format Version 12.00
# Visual Studio Version 17
VisualStudioVersion = 17.8.34330.188
MinimumVisualStudioVersion = 10.0.40219.1
Project("{FAE04EC0-301F-11D3-BF4B-00C04F79EFBC}") = "Faccat", "Faccat\Faccat.csproj", "{39750E08-DBA3-4451-9292-53B291A786AC}"
EndProject
Global
	GlobalSection(SolutionConfigurationPlatforms) = preSolution
		Debug|Any CPU = Debug|Any CPU
		Release|Any CPU = Release|Any CPU
	EndGlobalSection
	GlobalSection(ProjectConfigurationPlatforms) = postSolution
		{39750E08-DBA3-4451-9292-53B291A786AC}.Debug|Any CPU.ActiveCfg = Debug|Any CPU
		{39750E08-DBA3-4451-9292-53B291A786AC}.Debug|Any CPU.Build.0 = Debug|Any CPU
		{39750E08-DBA3-4451-9292-53B291A786AC}.Release|Any CPU.ActiveCfg = Release|Any CPU
		{39750E08-DBA3-4451-9292-53B291A786AC}.Release|Any CPU.Build.0 = Release|Any CPU
	EndGlobalSection
	GlobalSection(SolutionProperties) = preSolution
		HideSolutionNode = FALSE
	EndGlobalSection
	GlobalSection(ExtensibilityGlobals) = postSolution
		SolutionGuid = {DB9EFC19-FC60-4C32-BC05-EC034B5379B1}
	EndGlobalSection
EndGlobal
